// !$*UTF8*$!
{
	archiveVersion = 1;
	classes = {
	};
	objectVersion = 50;
	objects = {

/* Begin PBXBuildFile section */
		8476214625D2A5360060EF36 /* AppDelegate.swift in Sources */ = {isa = PBXBuildFile; fileRef = 8476214525D2A5360060EF36 /* AppDelegate.swift */; };
		8476214825D2A5360060EF36 /* SceneDelegate.swift in Sources */ = {isa = PBXBuildFile; fileRef = 8476214725D2A5360060EF36 /* SceneDelegate.swift */; };
		8476214D25D2A5360060EF36 /* Main.storyboard in Resources */ = {isa = PBXBuildFile; fileRef = 8476214B25D2A5360060EF36 /* Main.storyboard */; };
		8476214F25D2A53A0060EF36 /* Assets.xcassets in Resources */ = {isa = PBXBuildFile; fileRef = 8476214E25D2A53A0060EF36 /* Assets.xcassets */; };
		8476215225D2A53A0060EF36 /* LaunchScreen.storyboard in Resources */ = {isa = PBXBuildFile; fileRef = 8476215025D2A53A0060EF36 /* LaunchScreen.storyboard */; };
		8476215D25D2A53A0060EF36 /* SampleApp2Tests.swift in Sources */ = {isa = PBXBuildFile; fileRef = 8476215C25D2A53A0060EF36 /* SampleApp2Tests.swift */; };
		8476216825D2A53A0060EF36 /* SampleApp2UITests.swift in Sources */ = {isa = PBXBuildFile; fileRef = 8476216725D2A53A0060EF36 /* SampleApp2UITests.swift */; };
		8476217C25D2A58D0060EF36 /* RootViewController.swift in Sources */ = {isa = PBXBuildFile; fileRef = 8476217B25D2A58D0060EF36 /* RootViewController.swift */; };
/* End PBXBuildFile section */

/* Begin PBXContainerItemProxy section */
		8476215925D2A53A0060EF36 /* PBXContainerItemProxy */ = {
			isa = PBXContainerItemProxy;
			containerPortal = 8476213A25D2A5360060EF36 /* Project object */;
			proxyType = 1;
			remoteGlobalIDString = 8476214125D2A5360060EF36;
			remoteInfo = SampleApp2;
		};
		8476216425D2A53A0060EF36 /* PBXContainerItemProxy */ = {
			isa = PBXContainerItemProxy;
			containerPortal = 8476213A25D2A5360060EF36 /* Project object */;
			proxyType = 1;
			remoteGlobalIDString = 8476214125D2A5360060EF36;
			remoteInfo = SampleApp2;
		};
/* End PBXContainerItemProxy section */

/* Begin PBXFileReference section */
		8476214225D2A5360060EF36 /* SampleApp2.app */ = {isa = PBXFileReference; explicitFileType = wrapper.application; includeInIndex = 0; path = SampleApp2.app; sourceTree = BUILT_PRODUCTS_DIR; };
		8476214525D2A5360060EF36 /* AppDelegate.swift */ = {isa = PBXFileReference; lastKnownFileType = sourcecode.swift; path = AppDelegate.swift; sourceTree = "<group>"; };
		8476214725D2A5360060EF36 /* SceneDelegate.swift */ = {isa = PBXFileReference; lastKnownFileType = sourcecode.swift; path = SceneDelegate.swift; sourceTree = "<group>"; };
		8476214C25D2A5360060EF36 /* Base */ = {isa = PBXFileReference; lastKnownFileType = file.storyboard; name = Base; path = Base.lproj/Main.storyboard; sourceTree = "<group>"; };
		8476214E25D2A53A0060EF36 /* Assets.xcassets */ = {isa = PBXFileReference; lastKnownFileType = folder.assetcatalog; path = Assets.xcassets; sourceTree = "<group>"; };
		8476215125D2A53A0060EF36 /* Base */ = {isa = PBXFileReference; lastKnownFileType = file.storyboard; name = Base; path = Base.lproj/LaunchScreen.storyboard; sourceTree = "<group>"; };
		8476215325D2A53A0060EF36 /* Info.plist */ = {isa = PBXFileReference; lastKnownFileType = text.plist.xml; path = Info.plist; sourceTree = "<group>"; };
		8476215825D2A53A0060EF36 /* SampleApp2Tests.xctest */ = {isa = PBXFileReference; explicitFileType = wrapper.cfbundle; includeInIndex = 0; path = SampleApp2Tests.xctest; sourceTree = BUILT_PRODUCTS_DIR; };
		8476215C25D2A53A0060EF36 /* SampleApp2Tests.swift */ = {isa = PBXFileReference; lastKnownFileType = sourcecode.swift; path = SampleApp2Tests.swift; sourceTree = "<group>"; };
		8476215E25D2A53A0060EF36 /* Info.plist */ = {isa = PBXFileReference; lastKnownFileType = text.plist.xml; path = Info.plist; sourceTree = "<group>"; };
		8476216325D2A53A0060EF36 /* SampleApp2UITests.xctest */ = {isa = PBXFileReference; explicitFileType = wrapper.cfbundle; includeInIndex = 0; path = SampleApp2UITests.xctest; sourceTree = BUILT_PRODUCTS_DIR; };
		8476216725D2A53A0060EF36 /* SampleApp2UITests.swift */ = {isa = PBXFileReference; lastKnownFileType = sourcecode.swift; path = SampleApp2UITests.swift; sourceTree = "<group>"; };
		8476216925D2A53A0060EF36 /* Info.plist */ = {isa = PBXFileReference; lastKnownFileType = text.plist.xml; path = Info.plist; sourceTree = "<group>"; };
		8476217B25D2A58D0060EF36 /* RootViewController.swift */ = {isa = PBXFileReference; lastKnownFileType = sourcecode.swift; path = RootViewController.swift; sourceTree = "<group>"; };
/* End PBXFileReference section */

/* Begin PBXFrameworksBuildPhase section */
		8476213F25D2A5360060EF36 /* Frameworks */ = {
			isa = PBXFrameworksBuildPhase;
			buildActionMask = 2147483647;
			files = (
			);
			runOnlyForDeploymentPostprocessing = 0;
		};
		8476215525D2A53A0060EF36 /* Frameworks */ = {
			isa = PBXFrameworksBuildPhase;
			buildActionMask = 2147483647;
			files = (
			);
			runOnlyForDeploymentPostprocessing = 0;
		};
		8476216025D2A53A0060EF36 /* Frameworks */ = {
			isa = PBXFrameworksBuildPhase;
			buildActionMask = 2147483647;
			files = (
			);
			runOnlyForDeploymentPostprocessing = 0;
		};
/* End PBXFrameworksBuildPhase section */

/* Begin PBXGroup section */
		8476213925D2A5360060EF36 = {
			isa = PBXGroup;
			children = (
				8476214425D2A5360060EF36 /* SampleApp2 */,
				8476215B25D2A53A0060EF36 /* SampleApp2Tests */,
				8476216625D2A53A0060EF36 /* SampleApp2UITests */,
				8476214325D2A5360060EF36 /* Products */,
			);
			sourceTree = "<group>";
		};
		8476214325D2A5360060EF36 /* Products */ = {
			isa = PBXGroup;
			children = (
				8476214225D2A5360060EF36 /* SampleApp2.app */,
				8476215825D2A53A0060EF36 /* SampleApp2Tests.xctest */,
				8476216325D2A53A0060EF36 /* SampleApp2UITests.xctest */,
			);
			name = Products;
			sourceTree = "<group>";
		};
		8476214425D2A5360060EF36 /* SampleApp2 */ = {
			isa = PBXGroup;
			children = (
				8476214525D2A5360060EF36 /* AppDelegate.swift */,
				8476214725D2A5360060EF36 /* SceneDelegate.swift */,
				8476217B25D2A58D0060EF36 /* RootViewController.swift */,
				8476214B25D2A5360060EF36 /* Main.storyboard */,
				8476214E25D2A53A0060EF36 /* Assets.xcassets */,
				8476215025D2A53A0060EF36 /* LaunchScreen.storyboard */,
				8476215325D2A53A0060EF36 /* Info.plist */,
			);
			path = SampleApp2;
			sourceTree = "<group>";
		};
		8476215B25D2A53A0060EF36 /* SampleApp2Tests */ = {
			isa = PBXGroup;
			children = (
				8476215C25D2A53A0060EF36 /* SampleApp2Tests.swift */,
				8476215E25D2A53A0060EF36 /* Info.plist */,
			);
			path = SampleApp2Tests;
			sourceTree = "<group>";
		};
		8476216625D2A53A0060EF36 /* SampleApp2UITests */ = {
			isa = PBXGroup;
			children = (
				8476216725D2A53A0060EF36 /* SampleApp2UITests.swift */,
				8476216925D2A53A0060EF36 /* Info.plist */,
			);
			path = SampleApp2UITests;
			sourceTree = "<group>";
		};
/* End PBXGroup section */

/* Begin PBXNativeTarget section */
		8476214125D2A5360060EF36 /* SampleApp2 */ = {
			isa = PBXNativeTarget;
			buildConfigurationList = 8476216C25D2A53A0060EF36 /* Build configuration list for PBXNativeTarget "SampleApp2" */;
			buildPhases = (
				8476213E25D2A5360060EF36 /* Sources */,
				8476213F25D2A5360060EF36 /* Frameworks */,
				8476214025D2A5360060EF36 /* Resources */,
			);
			buildRules = (
			);
			dependencies = (
			);
			name = SampleApp2;
			productName = SampleApp2;
			productReference = 8476214225D2A5360060EF36 /* SampleApp2.app */;
			productType = "com.apple.product-type.application";
		};
		8476215725D2A53A0060EF36 /* SampleApp2Tests */ = {
			isa = PBXNativeTarget;
			buildConfigurationList = 8476216F25D2A53A0060EF36 /* Build configuration list for PBXNativeTarget "SampleApp2Tests" */;
			buildPhases = (
				8476215425D2A53A0060EF36 /* Sources */,
				8476215525D2A53A0060EF36 /* Frameworks */,
				8476215625D2A53A0060EF36 /* Resources */,
			);
			buildRules = (
			);
			dependencies = (
				8476215A25D2A53A0060EF36 /* PBXTargetDependency */,
			);
			name = SampleApp2Tests;
			productName = SampleApp2Tests;
			productReference = 8476215825D2A53A0060EF36 /* SampleApp2Tests.xctest */;
			productType = "com.apple.product-type.bundle.unit-test";
		};
		8476216225D2A53A0060EF36 /* SampleApp2UITests */ = {
			isa = PBXNativeTarget;
			buildConfigurationList = 8476217225D2A53A0060EF36 /* Build configuration list for PBXNativeTarget "SampleApp2UITests" */;
			buildPhases = (
				8476215F25D2A53A0060EF36 /* Sources */,
				8476216025D2A53A0060EF36 /* Frameworks */,
				8476216125D2A53A0060EF36 /* Resources */,
			);
			buildRules = (
			);
			dependencies = (
				8476216525D2A53A0060EF36 /* PBXTargetDependency */,
			);
			name = SampleApp2UITests;
			productName = SampleApp2UITests;
			productReference = 8476216325D2A53A0060EF36 /* SampleApp2UITests.xctest */;
			productType = "com.apple.product-type.bundle.ui-testing";
		};
/* End PBXNativeTarget section */

/* Begin PBXProject section */
		8476213A25D2A5360060EF36 /* Project object */ = {
			isa = PBXProject;
			attributes = {
				LastSwiftUpdateCheck = 1240;
				LastUpgradeCheck = 1240;
				TargetAttributes = {
					8476214125D2A5360060EF36 = {
						CreatedOnToolsVersion = 12.4;
					};
					8476215725D2A53A0060EF36 = {
						CreatedOnToolsVersion = 12.4;
						TestTargetID = 8476214125D2A5360060EF36;
					};
					8476216225D2A53A0060EF36 = {
						CreatedOnToolsVersion = 12.4;
						TestTargetID = 8476214125D2A5360060EF36;
					};
				};
			};
			buildConfigurationList = 8476213D25D2A5360060EF36 /* Build configuration list for PBXProject "SampleApp2" */;
			compatibilityVersion = "Xcode 9.3";
			developmentRegion = en;
			hasScannedForEncodings = 0;
			knownRegions = (
				en,
				Base,
			);
			mainGroup = 8476213925D2A5360060EF36;
			productRefGroup = 8476214325D2A5360060EF36 /* Products */;
			projectDirPath = "";
			projectRoot = "";
			targets = (
				8476214125D2A5360060EF36 /* SampleApp2 */,
				8476215725D2A53A0060EF36 /* SampleApp2Tests */,
				8476216225D2A53A0060EF36 /* SampleApp2UITests */,
			);
		};
/* End PBXProject section */

/* Begin PBXResourcesBuildPhase section */
		8476214025D2A5360060EF36 /* Resources */ = {
			isa = PBXResourcesBuildPhase;
			buildActionMask = 2147483647;
			files = (
				8476215225D2A53A0060EF36 /* LaunchScreen.storyboard in Resources */,
				8476214F25D2A53A0060EF36 /* Assets.xcassets in Resources */,
				8476214D25D2A5360060EF36 /* Main.storyboard in Resources */,
			);
			runOnlyForDeploymentPostprocessing = 0;
		};
		8476215625D2A53A0060EF36 /* Resources */ = {
			isa = PBXResourcesBuildPhase;
			buildActionMask = 2147483647;
			files = (
			);
			runOnlyForDeploymentPostprocessing = 0;
		};
		8476216125D2A53A0060EF36 /* Resources */ = {
			isa = PBXResourcesBuildPhase;
			buildActionMask = 2147483647;
			files = (
			);
			runOnlyForDeploymentPostprocessing = 0;
		};
/* End PBXResourcesBuildPhase section */

/* Begin PBXSourcesBuildPhase section */
		8476213E25D2A5360060EF36 /* Sources */ = {
			isa = PBXSourcesBuildPhase;
			buildActionMask = 2147483647;
			files = (
				8476214625D2A5360060EF36 /* AppDelegate.swift in Sources */,
				8476214825D2A5360060EF36 /* SceneDelegate.swift in Sources */,
				8476217C25D2A58D0060EF36 /* RootViewController.swift in Sources */,
			);
			runOnlyForDeploymentPostprocessing = 0;
		};
		8476215425D2A53A0060EF36 /* Sources */ = {
			isa = PBXSourcesBuildPhase;
			buildActionMask = 2147483647;
			files = (
				8476215D25D2A53A0060EF36 /* SampleApp2Tests.swift in Sources */,
			);
			runOnlyForDeploymentPostprocessing = 0;
		};
		8476215F25D2A53A0060EF36 /* Sources */ = {
			isa = PBXSourcesBuildPhase;
			buildActionMask = 2147483647;
			files = (
				8476216825D2A53A0060EF36 /* SampleApp2UITests.swift in Sources */,
			);
			runOnlyForDeploymentPostprocessing = 0;
		};
/* End PBXSourcesBuildPhase section */

/* Begin PBXTargetDependency section */
		8476215A25D2A53A0060EF36 /* PBXTargetDependency */ = {
			isa = PBXTargetDependency;
			target = 8476214125D2A5360060EF36 /* SampleApp2 */;
			targetProxy = 8476215925D2A53A0060EF36 /* PBXContainerItemProxy */;
		};
		8476216525D2A53A0060EF36 /* PBXTargetDependency */ = {
			isa = PBXTargetDependency;
			target = 8476214125D2A5360060EF36 /* SampleApp2 */;
			targetProxy = 8476216425D2A53A0060EF36 /* PBXContainerItemProxy */;
		};
/* End PBXTargetDependency section */

/* Begin PBXVariantGroup section */
		8476214B25D2A5360060EF36 /* Main.storyboard */ = {
			isa = PBXVariantGroup;
			children = (
				8476214C25D2A5360060EF36 /* Base */,
			);
			name = Main.storyboard;
			sourceTree = "<group>";
		};
		8476215025D2A53A0060EF36 /* LaunchScreen.storyboard */ = {
			isa = PBXVariantGroup;
			children = (
				8476215125D2A53A0060EF36 /* Base */,
			);
			name = LaunchScreen.storyboard;
			sourceTree = "<group>";
		};
/* End PBXVariantGroup section */

/* Begin XCBuildConfiguration section */
		8476216A25D2A53A0060EF36 /* Debug */ = {
			isa = XCBuildConfiguration;
			buildSettings = {
				ALWAYS_SEARCH_USER_PATHS = NO;
				CLANG_ANALYZER_NONNULL = YES;
				CLANG_ANALYZER_NUMBER_OBJECT_CONVERSION = YES_AGGRESSIVE;
				CLANG_CXX_LANGUAGE_STANDARD = "gnu++14";
				CLANG_CXX_LIBRARY = "libc++";
				CLANG_ENABLE_MODULES = YES;
				CLANG_ENABLE_OBJC_ARC = YES;
				CLANG_ENABLE_OBJC_WEAK = YES;
				CLANG_WARN_BLOCK_CAPTURE_AUTORELEASING = YES;
				CLANG_WARN_BOOL_CONVERSION = YES;
				CLANG_WARN_COMMA = YES;
				CLANG_WARN_CONSTANT_CONVERSION = YES;
				CLANG_WARN_DEPRECATED_OBJC_IMPLEMENTATIONS = YES;
				CLANG_WARN_DIRECT_OBJC_ISA_USAGE = YES_ERROR;
				CLANG_WARN_DOCUMENTATION_COMMENTS = YES;
				CLANG_WARN_EMPTY_BODY = YES;
				CLANG_WARN_ENUM_CONVERSION = YES;
				CLANG_WARN_INFINITE_RECURSION = YES;
				CLANG_WARN_INT_CONVERSION = YES;
				CLANG_WARN_NON_LITERAL_NULL_CONVERSION = YES;
				CLANG_WARN_OBJC_IMPLICIT_RETAIN_SELF = YES;
				CLANG_WARN_OBJC_LITERAL_CONVERSION = YES;
				CLANG_WARN_OBJC_ROOT_CLASS = YES_ERROR;
				CLANG_WARN_QUOTED_INCLUDE_IN_FRAMEWORK_HEADER = YES;
				CLANG_WARN_RANGE_LOOP_ANALYSIS = YES;
				CLANG_WARN_STRICT_PROTOTYPES = YES;
				CLANG_WARN_SUSPICIOUS_MOVE = YES;
				CLANG_WARN_UNGUARDED_AVAILABILITY = YES_AGGRESSIVE;
				CLANG_WARN_UNREACHABLE_CODE = YES;
				CLANG_WARN__DUPLICATE_METHOD_MATCH = YES;
				COPY_PHASE_STRIP = NO;
				DEBUG_INFORMATION_FORMAT = dwarf;
				ENABLE_STRICT_OBJC_MSGSEND = YES;
				ENABLE_TESTABILITY = YES;
				GCC_C_LANGUAGE_STANDARD = gnu11;
				GCC_DYNAMIC_NO_PIC = NO;
				GCC_NO_COMMON_BLOCKS = YES;
				GCC_OPTIMIZATION_LEVEL = 0;
				GCC_PREPROCESSOR_DEFINITIONS = (
					"DEBUG=1",
					"$(inherited)",
				);
				GCC_WARN_64_TO_32_BIT_CONVERSION = YES;
				GCC_WARN_ABOUT_RETURN_TYPE = YES_ERROR;
				GCC_WARN_UNDECLARED_SELECTOR = YES;
				GCC_WARN_UNINITIALIZED_AUTOS = YES_AGGRESSIVE;
				GCC_WARN_UNUSED_FUNCTION = YES;
				GCC_WARN_UNUSED_VARIABLE = YES;
				IPHONEOS_DEPLOYMENT_TARGET = 14.4;
				MTL_ENABLE_DEBUG_INFO = INCLUDE_SOURCE;
				MTL_FAST_MATH = YES;
				ONLY_ACTIVE_ARCH = YES;
				SDKROOT = iphoneos;
				SWIFT_ACTIVE_COMPILATION_CONDITIONS = DEBUG;
				SWIFT_OPTIMIZATION_LEVEL = "-Onone";
			};
			name = Debug;
		};
		8476216B25D2A53A0060EF36 /* Release */ = {
			isa = XCBuildConfiguration;
			buildSettings = {
				ALWAYS_SEARCH_USER_PATHS = NO;
				CLANG_ANALYZER_NONNULL = YES;
				CLANG_ANALYZER_NUMBER_OBJECT_CONVERSION = YES_AGGRESSIVE;
				CLANG_CXX_LANGUAGE_STANDARD = "gnu++14";
				CLANG_CXX_LIBRARY = "libc++";
				CLANG_ENABLE_MODULES = YES;
				CLANG_ENABLE_OBJC_ARC = YES;
				CLANG_ENABLE_OBJC_WEAK = YES;
				CLANG_WARN_BLOCK_CAPTURE_AUTORELEASING = YES;
				CLANG_WARN_BOOL_CONVERSION = YES;
				CLANG_WARN_COMMA = YES;
				CLANG_WARN_CONSTANT_CONVERSION = YES;
				CLANG_WARN_DEPRECATED_OBJC_IMPLEMENTATIONS = YES;
				CLANG_WARN_DIRECT_OBJC_ISA_USAGE = YES_ERROR;
				CLANG_WARN_DOCUMENTATION_COMMENTS = YES;
				CLANG_WARN_EMPTY_BODY = YES;
				CLANG_WARN_ENUM_CONVERSION = YES;
				CLANG_WARN_INFINITE_RECURSION = YES;
				CLANG_WARN_INT_CONVERSION = YES;
				CLANG_WARN_NON_LITERAL_NULL_CONVERSION = YES;
				CLANG_WARN_OBJC_IMPLICIT_RETAIN_SELF = YES;
				CLANG_WARN_OBJC_LITERAL_CONVERSION = YES;
				CLANG_WARN_OBJC_ROOT_CLASS = YES_ERROR;
				CLANG_WARN_QUOTED_INCLUDE_IN_FRAMEWORK_HEADER = YES;
				CLANG_WARN_RANGE_LOOP_ANALYSIS = YES;
				CLANG_WARN_STRICT_PROTOTYPES = YES;
				CLANG_WARN_SUSPICIOUS_MOVE = YES;
				CLANG_WARN_UNGUARDED_AVAILABILITY = YES_AGGRESSIVE;
				CLANG_WARN_UNREACHABLE_CODE = YES;
				CLANG_WARN__DUPLICATE_METHOD_MATCH = YES;
				COPY_PHASE_STRIP = NO;
				DEBUG_INFORMATION_FORMAT = "dwarf-with-dsym";
				ENABLE_NS_ASSERTIONS = NO;
				ENABLE_STRICT_OBJC_MSGSEND = YES;
				GCC_C_LANGUAGE_STANDARD = gnu11;
				GCC_NO_COMMON_BLOCKS = YES;
				GCC_WARN_64_TO_32_BIT_CONVERSION = YES;
				GCC_WARN_ABOUT_RETURN_TYPE = YES_ERROR;
				GCC_WARN_UNDECLARED_SELECTOR = YES;
				GCC_WARN_UNINITIALIZED_AUTOS = YES_AGGRESSIVE;
				GCC_WARN_UNUSED_FUNCTION = YES;
				GCC_WARN_UNUSED_VARIABLE = YES;
				IPHONEOS_DEPLOYMENT_TARGET = 14.4;
				MTL_ENABLE_DEBUG_INFO = NO;
				MTL_FAST_MATH = YES;
				SDKROOT = iphoneos;
				SWIFT_COMPILATION_MODE = wholemodule;
				SWIFT_OPTIMIZATION_LEVEL = "-O";
				VALIDATE_PRODUCT = YES;
			};
			name = Release;
		};
		8476216D25D2A53A0060EF36 /* Debug */ = {
			isa = XCBuildConfiguration;
			buildSettings = {
				ASSETCATALOG_COMPILER_APPICON_NAME = AppIcon;
				ASSETCATALOG_COMPILER_GLOBAL_ACCENT_COLOR_NAME = AccentColor;
				CODE_SIGN_STYLE = Automatic;
				DEVELOPMENT_TEAM = L7FCKM78VQ;
				INFOPLIST_FILE = SampleApp2/Info.plist;
				LD_RUNPATH_SEARCH_PATHS = (
					"$(inherited)",
					"@executable_path/Frameworks",
				);
				PRODUCT_BUNDLE_IDENTIFIER = com.example.ios.SampleApp2;
				PRODUCT_NAME = "$(TARGET_NAME)";
				SWIFT_VERSION = 5.0;
				TARGETED_DEVICE_FAMILY = "1,2";
			};
			name = Debug;
		};
		8476216E25D2A53A0060EF36 /* Release */ = {
			isa = XCBuildConfiguration;
			buildSettings = {
				ASSETCATALOG_COMPILER_APPICON_NAME = AppIcon;
				ASSETCATALOG_COMPILER_GLOBAL_ACCENT_COLOR_NAME = AccentColor;
				CODE_SIGN_STYLE = Automatic;
				DEVELOPMENT_TEAM = L7FCKM78VQ;
				INFOPLIST_FILE = SampleApp2/Info.plist;
				LD_RUNPATH_SEARCH_PATHS = (
					"$(inherited)",
					"@executable_path/Frameworks",
				);
				PRODUCT_BUNDLE_IDENTIFIER = com.example.ios.SampleApp2;
				PRODUCT_NAME = "$(TARGET_NAME)";
				SWIFT_VERSION = 5.0;
				TARGETED_DEVICE_FAMILY = "1,2";
			};
			name = Release;
		};
		8476217025D2A53A0060EF36 /* Debug */ = {
			isa = XCBuildConfiguration;
			buildSettings = {
				ALWAYS_EMBED_SWIFT_STANDARD_LIBRARIES = YES;
				BUNDLE_LOADER = "$(TEST_HOST)";
				CODE_SIGN_STYLE = Automatic;
				DEVELOPMENT_TEAM = L7FCKM78VQ;
				INFOPLIST_FILE = SampleApp2Tests/Info.plist;
				IPHONEOS_DEPLOYMENT_TARGET = 14.4;
				LD_RUNPATH_SEARCH_PATHS = (
					"$(inherited)",
					"@executable_path/Frameworks",
					"@loader_path/Frameworks",
				);
				PRODUCT_BUNDLE_IDENTIFIER = com.example.ios.SampleApp2Tests;
				PRODUCT_NAME = "$(TARGET_NAME)";
				SWIFT_VERSION = 5.0;
				TARGETED_DEVICE_FAMILY = "1,2";
				TEST_HOST = "$(BUILT_PRODUCTS_DIR)/SampleApp2.app/SampleApp2";
			};
			name = Debug;
		};
		8476217125D2A53A0060EF36 /* Release */ = {
			isa = XCBuildConfiguration;
			buildSettings = {
				ALWAYS_EMBED_SWIFT_STANDARD_LIBRARIES = YES;
				BUNDLE_LOADER = "$(TEST_HOST)";
				CODE_SIGN_STYLE = Automatic;
				DEVELOPMENT_TEAM = L7FCKM78VQ;
				INFOPLIST_FILE = SampleApp2Tests/Info.plist;
				IPHONEOS_DEPLOYMENT_TARGET = 14.4;
				LD_RUNPATH_SEARCH_PATHS = (
					"$(inherited)",
					"@executable_path/Frameworks",
					"@loader_path/Frameworks",
				);
				PRODUCT_BUNDLE_IDENTIFIER = com.example.ios.SampleApp2Tests;
				PRODUCT_NAME = "$(TARGET_NAME)";
				SWIFT_VERSION = 5.0;
				TARGETED_DEVICE_FAMILY = "1,2";
				TEST_HOST = "$(BUILT_PRODUCTS_DIR)/SampleApp2.app/SampleApp2";
			};
			name = Release;
		};
		8476217325D2A53A0060EF36 /* Debug */ = {
			isa = XCBuildConfiguration;
			buildSettings = {
				ALWAYS_EMBED_SWIFT_STANDARD_LIBRARIES = YES;
				CODE_SIGN_STYLE = Automatic;
				DEVELOPMENT_TEAM = L7FCKM78VQ;
				INFOPLIST_FILE = SampleApp2UITests/Info.plist;
				LD_RUNPATH_SEARCH_PATHS = (
					"$(inherited)",
					"@executable_path/Frameworks",
					"@loader_path/Frameworks",
				);
				PRODUCT_BUNDLE_IDENTIFIER = com.example.ios.SampleApp2UITests;
				PRODUCT_NAME = "$(TARGET_NAME)";
				SWIFT_VERSION = 5.0;
				TARGETED_DEVICE_FAMILY = "1,2";
				TEST_TARGET_NAME = SampleApp2;
			};
			name = Debug;
		};
		8476217425D2A53A0060EF36 /* Release */ = {
			isa = XCBuildConfiguration;
			buildSettings = {
				ALWAYS_EMBED_SWIFT_STANDARD_LIBRARIES = YES;
				CODE_SIGN_STYLE = Automatic;
				DEVELOPMENT_TEAM = L7FCKM78VQ;
				INFOPLIST_FILE = SampleApp2UITests/Info.plist;
				LD_RUNPATH_SEARCH_PATHS = (
					"$(inherited)",
					"@executable_path/Frameworks",
					"@loader_path/Frameworks",
				);
				PRODUCT_BUNDLE_IDENTIFIER = com.example.ios.SampleApp2UITests;
				PRODUCT_NAME = "$(TARGET_NAME)";
				SWIFT_VERSION = 5.0;
				TARGETED_DEVICE_FAMILY = "1,2";
				TEST_TARGET_NAME = SampleApp2;
			};
			name = Release;
		};
/* End XCBuildConfiguration section */

/* Begin XCConfigurationList section */
		8476213D25D2A5360060EF36 /* Build configuration list for PBXProject "SampleApp2" */ = {
			isa = XCConfigurationList;
			buildConfigurations = (
				8476216A25D2A53A0060EF36 /* Debug */,
				8476216B25D2A53A0060EF36 /* Release */,
			);
			defaultConfigurationIsVisible = 0;
			defaultConfigurationName = Release;
		};
		8476216C25D2A53A0060EF36 /* Build configuration list for PBXNativeTarget "SampleApp2" */ = {
			isa = XCConfigurationList;
			buildConfigurations = (
				8476216D25D2A53A0060EF36 /* Debug */,
				8476216E25D2A53A0060EF36 /* Release */,
			);
			defaultConfigurationIsVisible = 0;
			defaultConfigurationName = Release;
		};
		8476216F25D2A53A0060EF36 /* Build configuration list for PBXNativeTarget "SampleApp2Tests" */ = {
			isa = XCConfigurationList;
			buildConfigurations = (
				8476217025D2A53A0060EF36 /* Debug */,
				8476217125D2A53A0060EF36 /* Release */,
			);
			defaultConfigurationIsVisible = 0;
			defaultConfigurationName = Release;
		};
		8476217225D2A53A0060EF36 /* Build configuration list for PBXNativeTarget "SampleApp2UITests" */ = {
			isa = XCConfigurationList;
			buildConfigurations = (
				8476217325D2A53A0060EF36 /* Debug */,
				8476217425D2A53A0060EF36 /* Release */,
			);
			defaultConfigurationIsVisible = 0;
			defaultConfigurationName = Release;
		};
/* End XCConfigurationList section */
	};
	rootObject = 8476213A25D2A5360060EF36 /* Project object */;
}
